
Microsoft Visual Studio Solution File, Format Version 12.00
# Visual Studio Version 17
VisualStudioVersion = 17.5.33530.505
MinimumVisualStudioVersion = 10.0.40219.1
Project("{FAE04EC0-301F-11D3-BF4B-00C04F79EFBC}") = "RottenTomatoes", "RottenTomatoes\RottenTomatoes.csproj", "{77868C20-5B9D-4EAF-B71A-FCC2CD2B6981}"
EndProject
Global
	GlobalSection(SolutionConfigurationPlatforms) = preSolution
		Debug|Any CPU = Debug|Any CPU
		Release|Any CPU = Release|Any CPU
	EndGlobalSection
	GlobalSection(ProjectConfigurationPlatforms) = postSolution
		{77868C20-5B9D-4EAF-B71A-FCC2CD2B6981}.Debug|Any CPU.ActiveCfg = Debug|Any CPU
		{77868C20-5B9D-4EAF-B71A-FCC2CD2B6981}.Debug|Any CPU.Build.0 = Debug|Any CPU
		{77868C20-5B9D-4EAF-B71A-FCC2CD2B6981}.Release|Any CPU.ActiveCfg = Release|Any CPU
		{77868C20-5B9D-4EAF-B71A-FCC2CD2B6981}.Release|Any CPU.Build.0 = Release|Any CPU
	EndGlobalSection
	GlobalSection(SolutionProperties) = preSolution
		HideSolutionNode = FALSE
	EndGlobalSection
	GlobalSection(ExtensibilityGlobals) = postSolution
		SolutionGuid = {F4FC31E9-AACA-4638-83D4-4884167CEF92}
	EndGlobalSection
EndGlobal
